
Microsoft Visual Studio Solution File, Format Version 12.00
# Visual Studio Version 16
VisualStudioVersion = 16.0.31624.102
MinimumVisualStudioVersion = 10.0.40219.1
Project("{FAE04EC0-301F-11D3-BF4B-00C04F79EFBC}") = "oop-lesson5-eightball", "oop-lesson5-eightball.csproj", "{F37C7C3F-9817-4D2B-B3C3-233C0F8AAD57}"
EndProject
Global
	GlobalSection(SolutionConfigurationPlatforms) = preSolution
		Debug|Any CPU = Debug|Any CPU
		Release|Any CPU = Release|Any CPU
	EndGlobalSection
	GlobalSection(ProjectConfigurationPlatforms) = postSolution
		{F37C7C3F-9817-4D2B-B3C3-233C0F8AAD57}.Debug|Any CPU.ActiveCfg = Debug|Any CPU
		{F37C7C3F-9817-4D2B-B3C3-233C0F8AAD57}.Debug|Any CPU.Build.0 = Debug|Any CPU
		{F37C7C3F-9817-4D2B-B3C3-233C0F8AAD57}.Release|Any CPU.ActiveCfg = Release|Any CPU
		{F37C7C3F-9817-4D2B-B3C3-233C0F8AAD57}.Release|Any CPU.Build.0 = Release|Any CPU
	EndGlobalSection
	GlobalSection(SolutionProperties) = preSolution
		HideSolutionNode = FALSE
	EndGlobalSection
	GlobalSection(ExtensibilityGlobals) = postSolution
		SolutionGuid = {F8D360DB-E44E-498E-B6A4-520A24C4BE50}
	EndGlobalSection
EndGlobal
